// !$*UTF8*$!
{
	archiveVersion = 1;
	classes = {
	};
	objectVersion = 56;
	objects = {

/* Begin PBXBuildFile section */
		C7120E7D2951CCFE000FFCB7 /* AppDelegate.swift in Sources */ = {isa = PBXBuildFile; fileRef = C7120E7C2951CCFE000FFCB7 /* AppDelegate.swift */; };
		C7120E7F2951CCFE000FFCB7 /* SceneDelegate.swift in Sources */ = {isa = PBXBuildFile; fileRef = C7120E7E2951CCFE000FFCB7 /* SceneDelegate.swift */; };
		C7120E812951CCFE000FFCB7 /* ViewController.swift in Sources */ = {isa = PBXBuildFile; fileRef = C7120E802951CCFE000FFCB7 /* ViewController.swift */; };
		C7120E862951CCFE000FFCB7 /* Assets.xcassets in Resources */ = {isa = PBXBuildFile; fileRef = C7120E852951CCFE000FFCB7 /* Assets.xcassets */; };
		C7120E892951CCFE000FFCB7 /* LaunchScreen.storyboard in Resources */ = {isa = PBXBuildFile; fileRef = C7120E872951CCFE000FFCB7 /* LaunchScreen.storyboard */; };
		C714C789297D5E2A00043C36 /* Calculation.swift in Sources */ = {isa = PBXBuildFile; fileRef = C714C788297D5E2A00043C36 /* Calculation.swift */; };
		C717ED7229646C4E00C87FDF /* ViewModel.swift in Sources */ = {isa = PBXBuildFile; fileRef = C717ED7129646C4E00C87FDF /* ViewModel.swift */; };
		C717ED7529646CF300C87FDF /* MainUI.swift in Sources */ = {isa = PBXBuildFile; fileRef = C717ED7429646CF300C87FDF /* MainUI.swift */; };
		C717ED78296478C500C87FDF /* Extensions.swift in Sources */ = {isa = PBXBuildFile; fileRef = C717ED77296478C500C87FDF /* Extensions.swift */; };
		C74BB46C2962E140003E8DA0 /* Regulations.swift in Sources */ = {isa = PBXBuildFile; fileRef = C74BB46B2962E140003E8DA0 /* Regulations.swift */; };
		C757CA3F2977E916004AEAB7 /* Configurations.swift in Sources */ = {isa = PBXBuildFile; fileRef = C757CA3E2977E916004AEAB7 /* Configurations.swift */; };
		C7BDB00C29671DAD0078C0DC /* Leftover.swift in Sources */ = {isa = PBXBuildFile; fileRef = C7BDB00B29671DAD0078C0DC /* Leftover.swift */; };
		C7CA4F302963328A00D6A3BD /* Model.swift in Sources */ = {isa = PBXBuildFile; fileRef = C7CA4F2F2963328A00D6A3BD /* Model.swift */; };
		C7D71555296AB54600EBFCDA /* Animation.swift in Sources */ = {isa = PBXBuildFile; fileRef = C7D71554296AB54600EBFCDA /* Animation.swift */; };
		C7D71559296AC81A00EBFCDA /* Validation.swift in Sources */ = {isa = PBXBuildFile; fileRef = C7D71558296AC81A00EBFCDA /* Validation.swift */; };
		C7D7155B296AC84D00EBFCDA /* ErrorSettings.swift in Sources */ = {isa = PBXBuildFile; fileRef = C7D7155A296AC84D00EBFCDA /* ErrorSettings.swift */; };
		C7EDF34E296FF488006DC9A5 /* ConfigUi.swift in Sources */ = {isa = PBXBuildFile; fileRef = C7EDF34D296FF488006DC9A5 /* ConfigUi.swift */; };
/* End PBXBuildFile section */

/* Begin PBXFileReference section */
		C7120E792951CCFE000FFCB7 /* Calculator.app */ = {isa = PBXFileReference; explicitFileType = wrapper.application; includeInIndex = 0; path = Calculator.app; sourceTree = BUILT_PRODUCTS_DIR; };
		C7120E7C2951CCFE000FFCB7 /* AppDelegate.swift */ = {isa = PBXFileReference; lastKnownFileType = sourcecode.swift; path = AppDelegate.swift; sourceTree = "<group>"; };
		C7120E7E2951CCFE000FFCB7 /* SceneDelegate.swift */ = {isa = PBXFileReference; lastKnownFileType = sourcecode.swift; path = SceneDelegate.swift; sourceTree = "<group>"; };
		C7120E802951CCFE000FFCB7 /* ViewController.swift */ = {isa = PBXFileReference; lastKnownFileType = sourcecode.swift; path = ViewController.swift; sourceTree = "<group>"; };
		C7120E852951CCFE000FFCB7 /* Assets.xcassets */ = {isa = PBXFileReference; lastKnownFileType = folder.assetcatalog; path = Assets.xcassets; sourceTree = "<group>"; };
		C7120E882951CCFE000FFCB7 /* Base */ = {isa = PBXFileReference; lastKnownFileType = file.storyboard; name = Base; path = Base.lproj/LaunchScreen.storyboard; sourceTree = "<group>"; };
		C7120E8A2951CCFE000FFCB7 /* Info.plist */ = {isa = PBXFileReference; lastKnownFileType = text.plist.xml; path = Info.plist; sourceTree = "<group>"; };
		C714C788297D5E2A00043C36 /* Calculation.swift */ = {isa = PBXFileReference; lastKnownFileType = sourcecode.swift; path = Calculation.swift; sourceTree = "<group>"; };
		C717ED7129646C4E00C87FDF /* ViewModel.swift */ = {isa = PBXFileReference; lastKnownFileType = sourcecode.swift; path = ViewModel.swift; sourceTree = "<group>"; };
		C717ED7429646CF300C87FDF /* MainUI.swift */ = {isa = PBXFileReference; lastKnownFileType = sourcecode.swift; path = MainUI.swift; sourceTree = "<group>"; };
		C717ED77296478C500C87FDF /* Extensions.swift */ = {isa = PBXFileReference; lastKnownFileType = sourcecode.swift; path = Extensions.swift; sourceTree = "<group>"; };
		C74BB46B2962E140003E8DA0 /* Regulations.swift */ = {isa = PBXFileReference; lastKnownFileType = sourcecode.swift; path = Regulations.swift; sourceTree = "<group>"; };
		C757CA3E2977E916004AEAB7 /* Configurations.swift */ = {isa = PBXFileReference; lastKnownFileType = sourcecode.swift; path = Configurations.swift; sourceTree = "<group>"; };
		C7BDB00B29671DAD0078C0DC /* Leftover.swift */ = {isa = PBXFileReference; lastKnownFileType = sourcecode.swift; path = Leftover.swift; sourceTree = "<group>"; };
		C7CA4F2F2963328A00D6A3BD /* Model.swift */ = {isa = PBXFileReference; lastKnownFileType = sourcecode.swift; path = Model.swift; sourceTree = "<group>"; };
		C7D71554296AB54600EBFCDA /* Animation.swift */ = {isa = PBXFileReference; lastKnownFileType = sourcecode.swift; path = Animation.swift; sourceTree = "<group>"; };
		C7D71558296AC81A00EBFCDA /* Validation.swift */ = {isa = PBXFileReference; lastKnownFileType = sourcecode.swift; path = Validation.swift; sourceTree = "<group>"; };
		C7D7155A296AC84D00EBFCDA /* ErrorSettings.swift */ = {isa = PBXFileReference; lastKnownFileType = sourcecode.swift; path = ErrorSettings.swift; sourceTree = "<group>"; };
		C7EDF34D296FF488006DC9A5 /* ConfigUi.swift */ = {isa = PBXFileReference; lastKnownFileType = sourcecode.swift; path = ConfigUi.swift; sourceTree = "<group>"; };
/* End PBXFileReference section */

/* Begin PBXFrameworksBuildPhase section */
		C7120E762951CCFE000FFCB7 /* Frameworks */ = {
			isa = PBXFrameworksBuildPhase;
			buildActionMask = 2147483647;
			files = (
			);
			runOnlyForDeploymentPostprocessing = 0;
		};
/* End PBXFrameworksBuildPhase section */

/* Begin PBXGroup section */
		C7120E702951CCFE000FFCB7 = {
			isa = PBXGroup;
			children = (
				C7120E7B2951CCFE000FFCB7 /* Calculator */,
				C7120E7A2951CCFE000FFCB7 /* Products */,
			);
			sourceTree = "<group>";
		};
		C7120E7A2951CCFE000FFCB7 /* Products */ = {
			isa = PBXGroup;
			children = (
				C7120E792951CCFE000FFCB7 /* Calculator.app */,
			);
			name = Products;
			sourceTree = "<group>";
		};
		C7120E7B2951CCFE000FFCB7 /* Calculator */ = {
			isa = PBXGroup;
			children = (
				C7120E7C2951CCFE000FFCB7 /* AppDelegate.swift */,
				C7120E7E2951CCFE000FFCB7 /* SceneDelegate.swift */,
				C717ED7329646CD000C87FDF /* Apperiance  */,
				C717ED6F29646C1800C87FDF /* ViewController */,
				C7BE90962965D2790030DA58 /* Functionality */,
				C717ED76296478B500C87FDF /* Extensions */,
				C7CA4F312963329500D6A3BD /* Model */,
				C7120E852951CCFE000FFCB7 /* Assets.xcassets */,
				C7120E872951CCFE000FFCB7 /* LaunchScreen.storyboard */,
				C7120E8A2951CCFE000FFCB7 /* Info.plist */,
				C757CA3E2977E916004AEAB7 /* Configurations.swift */,
				C714C788297D5E2A00043C36 /* Calculation.swift */,
			);
			path = Calculator;
			sourceTree = "<group>";
		};
		C717ED6F29646C1800C87FDF /* ViewController */ = {
			isa = PBXGroup;
			children = (
				C7120E802951CCFE000FFCB7 /* ViewController.swift */,
			);
			path = ViewController;
			sourceTree = "<group>";
		};
		C717ED7029646C2800C87FDF /* Data */ = {
			isa = PBXGroup;
			children = (
				C7CA4F2F2963328A00D6A3BD /* Model.swift */,
				C717ED7129646C4E00C87FDF /* ViewModel.swift */,
			);
			path = Data;
			sourceTree = "<group>";
		};
		C717ED7329646CD000C87FDF /* Apperiance  */ = {
			isa = PBXGroup;
			children = (
				C717ED7429646CF300C87FDF /* MainUI.swift */,
				C7EDF34D296FF488006DC9A5 /* ConfigUi.swift */,
			);
			path = "Apperiance ";
			sourceTree = "<group>";
		};
		C717ED76296478B500C87FDF /* Extensions */ = {
			isa = PBXGroup;
			children = (
				C717ED77296478C500C87FDF /* Extensions.swift */,
			);
			path = Extensions;
			sourceTree = "<group>";
		};
		C7BE90962965D2790030DA58 /* Functionality */ = {
			isa = PBXGroup;
			children = (
				C74BB46B2962E140003E8DA0 /* Regulations.swift */,
				C7BDB00B29671DAD0078C0DC /* Leftover.swift */,
				C7D71554296AB54600EBFCDA /* Animation.swift */,
				C7D71558296AC81A00EBFCDA /* Validation.swift */,
				C7D7155A296AC84D00EBFCDA /* ErrorSettings.swift */,
			);
			path = Functionality;
			sourceTree = "<group>";
		};
		C7CA4F312963329500D6A3BD /* Model */ = {
			isa = PBXGroup;
			children = (
				C717ED7029646C2800C87FDF /* Data */,
			);
			path = Model;
			sourceTree = "<group>";
		};
/* End PBXGroup section */

/* Begin PBXNativeTarget section */
		C7120E782951CCFE000FFCB7 /* Calculator */ = {
			isa = PBXNativeTarget;
			buildConfigurationList = C7120E8D2951CCFE000FFCB7 /* Build configuration list for PBXNativeTarget "Calculator" */;
			buildPhases = (
				C7120E752951CCFE000FFCB7 /* Sources */,
				C7120E762951CCFE000FFCB7 /* Frameworks */,
				C7120E772951CCFE000FFCB7 /* Resources */,
			);
			buildRules = (
			);
			dependencies = (
			);
			name = Calculator;
			productName = Calculator;
			productReference = C7120E792951CCFE000FFCB7 /* Calculator.app */;
			productType = "com.apple.product-type.application";
		};
/* End PBXNativeTarget section */

/* Begin PBXProject section */
		C7120E712951CCFE000FFCB7 /* Project object */ = {
			isa = PBXProject;
			attributes = {
				BuildIndependentTargetsInParallel = 1;
				LastSwiftUpdateCheck = 1410;
				LastUpgradeCheck = 1410;
				TargetAttributes = {
					C7120E782951CCFE000FFCB7 = {
						CreatedOnToolsVersion = 14.1;
						LastSwiftMigration = 1420;
					};
				};
			};
			buildConfigurationList = C7120E742951CCFE000FFCB7 /* Build configuration list for PBXProject "Calculator" */;
			compatibilityVersion = "Xcode 14.0";
			developmentRegion = en;
			hasScannedForEncodings = 0;
			knownRegions = (
				en,
				Base,
			);
			mainGroup = C7120E702951CCFE000FFCB7;
			productRefGroup = C7120E7A2951CCFE000FFCB7 /* Products */;
			projectDirPath = "";
			projectRoot = "";
			targets = (
				C7120E782951CCFE000FFCB7 /* Calculator */,
			);
		};
/* End PBXProject section */

/* Begin PBXResourcesBuildPhase section */
		C7120E772951CCFE000FFCB7 /* Resources */ = {
			isa = PBXResourcesBuildPhase;
			buildActionMask = 2147483647;
			files = (
				C7120E892951CCFE000FFCB7 /* LaunchScreen.storyboard in Resources */,
				C7120E862951CCFE000FFCB7 /* Assets.xcassets in Resources */,
			);
			runOnlyForDeploymentPostprocessing = 0;
		};
/* End PBXResourcesBuildPhase section */

/* Begin PBXSourcesBuildPhase section */
		C7120E752951CCFE000FFCB7 /* Sources */ = {
			isa = PBXSourcesBuildPhase;
			buildActionMask = 2147483647;
			files = (
				C757CA3F2977E916004AEAB7 /* Configurations.swift in Sources */,
				C7EDF34E296FF488006DC9A5 /* ConfigUi.swift in Sources */,
				C7D71555296AB54600EBFCDA /* Animation.swift in Sources */,
				C7BDB00C29671DAD0078C0DC /* Leftover.swift in Sources */,
				C714C789297D5E2A00043C36 /* Calculation.swift in Sources */,
				C7CA4F302963328A00D6A3BD /* Model.swift in Sources */,
				C7D71559296AC81A00EBFCDA /* Validation.swift in Sources */,
				C7120E812951CCFE000FFCB7 /* ViewController.swift in Sources */,
				C7120E7D2951CCFE000FFCB7 /* AppDelegate.swift in Sources */,
				C717ED78296478C500C87FDF /* Extensions.swift in Sources */,
				C7D7155B296AC84D00EBFCDA /* ErrorSettings.swift in Sources */,
				C7120E7F2951CCFE000FFCB7 /* SceneDelegate.swift in Sources */,
				C717ED7529646CF300C87FDF /* MainUI.swift in Sources */,
				C717ED7229646C4E00C87FDF /* ViewModel.swift in Sources */,
				C74BB46C2962E140003E8DA0 /* Regulations.swift in Sources */,
			);
			runOnlyForDeploymentPostprocessing = 0;
		};
/* End PBXSourcesBuildPhase section */

/* Begin PBXVariantGroup section */
		C7120E872951CCFE000FFCB7 /* LaunchScreen.storyboard */ = {
			isa = PBXVariantGroup;
			children = (
				C7120E882951CCFE000FFCB7 /* Base */,
			);
			name = LaunchScreen.storyboard;
			sourceTree = "<group>";
		};
/* End PBXVariantGroup section */

/* Begin XCBuildConfiguration section */
		C7120E8B2951CCFE000FFCB7 /* Debug */ = {
			isa = XCBuildConfiguration;
			buildSettings = {
				ALWAYS_SEARCH_USER_PATHS = NO;
				CLANG_ANALYZER_NONNULL = YES;
				CLANG_ANALYZER_NUMBER_OBJECT_CONVERSION = YES_AGGRESSIVE;
				CLANG_CXX_LANGUAGE_STANDARD = "gnu++20";
				CLANG_ENABLE_MODULES = YES;
				CLANG_ENABLE_OBJC_ARC = YES;
				CLANG_ENABLE_OBJC_WEAK = YES;
				CLANG_WARN_BLOCK_CAPTURE_AUTORELEASING = YES;
				CLANG_WARN_BOOL_CONVERSION = YES;
				CLANG_WARN_COMMA = YES;
				CLANG_WARN_CONSTANT_CONVERSION = YES;
				CLANG_WARN_DEPRECATED_OBJC_IMPLEMENTATIONS = YES;
				CLANG_WARN_DIRECT_OBJC_ISA_USAGE = YES_ERROR;
				CLANG_WARN_DOCUMENTATION_COMMENTS = YES;
				CLANG_WARN_EMPTY_BODY = YES;
				CLANG_WARN_ENUM_CONVERSION = YES;
				CLANG_WARN_INFINITE_RECURSION = YES;
				CLANG_WARN_INT_CONVERSION = YES;
				CLANG_WARN_NON_LITERAL_NULL_CONVERSION = YES;
				CLANG_WARN_OBJC_IMPLICIT_RETAIN_SELF = YES;
				CLANG_WARN_OBJC_LITERAL_CONVERSION = YES;
				CLANG_WARN_OBJC_ROOT_CLASS = YES_ERROR;
				CLANG_WARN_QUOTED_INCLUDE_IN_FRAMEWORK_HEADER = YES;
				CLANG_WARN_RANGE_LOOP_ANALYSIS = YES;
				CLANG_WARN_STRICT_PROTOTYPES = YES;
				CLANG_WARN_SUSPICIOUS_MOVE = YES;
				CLANG_WARN_UNGUARDED_AVAILABILITY = YES_AGGRESSIVE;
				CLANG_WARN_UNREACHABLE_CODE = YES;
				CLANG_WARN__DUPLICATE_METHOD_MATCH = YES;
				COPY_PHASE_STRIP = NO;
				DEBUG_INFORMATION_FORMAT = dwarf;
				ENABLE_STRICT_OBJC_MSGSEND = YES;
				ENABLE_TESTABILITY = YES;
				GCC_C_LANGUAGE_STANDARD = gnu11;
				GCC_DYNAMIC_NO_PIC = NO;
				GCC_NO_COMMON_BLOCKS = YES;
				GCC_OPTIMIZATION_LEVEL = 0;
				GCC_PREPROCESSOR_DEFINITIONS = (
					"DEBUG=1",
					"$(inherited)",
				);
				GCC_WARN_64_TO_32_BIT_CONVERSION = YES;
				GCC_WARN_ABOUT_RETURN_TYPE = YES_ERROR;
				GCC_WARN_UNDECLARED_SELECTOR = YES;
				GCC_WARN_UNINITIALIZED_AUTOS = YES_AGGRESSIVE;
				GCC_WARN_UNUSED_FUNCTION = YES;
				GCC_WARN_UNUSED_VARIABLE = YES;
				IPHONEOS_DEPLOYMENT_TARGET = 16.1;
				MTL_ENABLE_DEBUG_INFO = INCLUDE_SOURCE;
				MTL_FAST_MATH = YES;
				ONLY_ACTIVE_ARCH = YES;
				SDKROOT = iphoneos;
				SWIFT_ACTIVE_COMPILATION_CONDITIONS = DEBUG;
				SWIFT_OPTIMIZATION_LEVEL = "-Onone";
			};
			name = Debug;
		};
		C7120E8C2951CCFE000FFCB7 /* Release */ = {
			isa = XCBuildConfiguration;
			buildSettings = {
				ALWAYS_SEARCH_USER_PATHS = NO;
				CLANG_ANALYZER_NONNULL = YES;
				CLANG_ANALYZER_NUMBER_OBJECT_CONVERSION = YES_AGGRESSIVE;
				CLANG_CXX_LANGUAGE_STANDARD = "gnu++20";
				CLANG_ENABLE_MODULES = YES;
				CLANG_ENABLE_OBJC_ARC = YES;
				CLANG_ENABLE_OBJC_WEAK = YES;
				CLANG_WARN_BLOCK_CAPTURE_AUTORELEASING = YES;
				CLANG_WARN_BOOL_CONVERSION = YES;
				CLANG_WARN_COMMA = YES;
				CLANG_WARN_CONSTANT_CONVERSION = YES;
				CLANG_WARN_DEPRECATED_OBJC_IMPLEMENTATIONS = YES;
				CLANG_WARN_DIRECT_OBJC_ISA_USAGE = YES_ERROR;
				CLANG_WARN_DOCUMENTATION_COMMENTS = YES;
				CLANG_WARN_EMPTY_BODY = YES;
				CLANG_WARN_ENUM_CONVERSION = YES;
				CLANG_WARN_INFINITE_RECURSION = YES;
				CLANG_WARN_INT_CONVERSION = YES;
				CLANG_WARN_NON_LITERAL_NULL_CONVERSION = YES;
				CLANG_WARN_OBJC_IMPLICIT_RETAIN_SELF = YES;
				CLANG_WARN_OBJC_LITERAL_CONVERSION = YES;
				CLANG_WARN_OBJC_ROOT_CLASS = YES_ERROR;
				CLANG_WARN_QUOTED_INCLUDE_IN_FRAMEWORK_HEADER = YES;
				CLANG_WARN_RANGE_LOOP_ANALYSIS = YES;
				CLANG_WARN_STRICT_PROTOTYPES = YES;
				CLANG_WARN_SUSPICIOUS_MOVE = YES;
				CLANG_WARN_UNGUARDED_AVAILABILITY = YES_AGGRESSIVE;
				CLANG_WARN_UNREACHABLE_CODE = YES;
				CLANG_WARN__DUPLICATE_METHOD_MATCH = YES;
				COPY_PHASE_STRIP = NO;
				DEBUG_INFORMATION_FORMAT = "dwarf-with-dsym";
				ENABLE_NS_ASSERTIONS = NO;
				ENABLE_STRICT_OBJC_MSGSEND = YES;
				GCC_C_LANGUAGE_STANDARD = gnu11;
				GCC_NO_COMMON_BLOCKS = YES;
				GCC_WARN_64_TO_32_BIT_CONVERSION = YES;
				GCC_WARN_ABOUT_RETURN_TYPE = YES_ERROR;
				GCC_WARN_UNDECLARED_SELECTOR = YES;
				GCC_WARN_UNINITIALIZED_AUTOS = YES_AGGRESSIVE;
				GCC_WARN_UNUSED_FUNCTION = YES;
				GCC_WARN_UNUSED_VARIABLE = YES;
				IPHONEOS_DEPLOYMENT_TARGET = 16.1;
				MTL_ENABLE_DEBUG_INFO = NO;
				MTL_FAST_MATH = YES;
				SDKROOT = iphoneos;
				SWIFT_COMPILATION_MODE = wholemodule;
				SWIFT_OPTIMIZATION_LEVEL = "-O";
				VALIDATE_PRODUCT = YES;
			};
			name = Release;
		};
		C7120E8E2951CCFE000FFCB7 /* Debug */ = {
			isa = XCBuildConfiguration;
			buildSettings = {
				ASSETCATALOG_COMPILER_APPICON_NAME = AppIcon;
				ASSETCATALOG_COMPILER_GLOBAL_ACCENT_COLOR_NAME = AccentColor;
				CLANG_ENABLE_MODULES = YES;
				CODE_SIGN_STYLE = Automatic;
				CURRENT_PROJECT_VERSION = 1;
				DEVELOPMENT_TEAM = RNNVA29C6K;
				GENERATE_INFOPLIST_FILE = YES;
				INFOPLIST_FILE = Calculator/Info.plist;
				INFOPLIST_KEY_LSApplicationCategoryType = "public.app-category.utilities";
				INFOPLIST_KEY_UIApplicationSupportsIndirectInputEvents = YES;
				INFOPLIST_KEY_UILaunchStoryboardName = LaunchScreen;
				INFOPLIST_KEY_UISupportedInterfaceOrientations = UIInterfaceOrientationPortrait;
				LD_RUNPATH_SEARCH_PATHS = (
					"$(inherited)",
					"@executable_path/Frameworks",
				);
				MARKETING_VERSION = 1.0;
				PRODUCT_BUNDLE_IDENTIFIER = com.example.Calculator;
				PRODUCT_NAME = "$(TARGET_NAME)";
				SWIFT_EMIT_LOC_STRINGS = YES;
				SWIFT_OBJC_BRIDGING_HEADER = "Calculator/Calculator-Bridging-Header.h";
				SWIFT_OPTIMIZATION_LEVEL = "-Onone";
				SWIFT_VERSION = 5.0;
				TARGETED_DEVICE_FAMILY = "1,2";
			};
			name = Debug;
		};
		C7120E8F2951CCFE000FFCB7 /* Release */ = {
			isa = XCBuildConfiguration;
			buildSettings = {
				ASSETCATALOG_COMPILER_APPICON_NAME = AppIcon;
				ASSETCATALOG_COMPILER_GLOBAL_ACCENT_COLOR_NAME = AccentColor;
				CLANG_ENABLE_MODULES = YES;
				CODE_SIGN_STYLE = Automatic;
				CURRENT_PROJECT_VERSION = 1;
				DEVELOPMENT_TEAM = RNNVA29C6K;
				GENERATE_INFOPLIST_FILE = YES;
				INFOPLIST_FILE = Calculator/Info.plist;
				INFOPLIST_KEY_LSApplicationCategoryType = "public.app-category.utilities";
				INFOPLIST_KEY_UIApplicationSupportsIndirectInputEvents = YES;
				INFOPLIST_KEY_UILaunchStoryboardName = LaunchScreen;
				INFOPLIST_KEY_UISupportedInterfaceOrientations = UIInterfaceOrientationPortrait;
				LD_RUNPATH_SEARCH_PATHS = (
					"$(inherited)",
					"@executable_path/Frameworks",
				);
				MARKETING_VERSION = 1.0;
				PRODUCT_BUNDLE_IDENTIFIER = com.example.Calculator;
				PRODUCT_NAME = "$(TARGET_NAME)";
				SWIFT_EMIT_LOC_STRINGS = YES;
				SWIFT_OBJC_BRIDGING_HEADER = "Calculator/Calculator-Bridging-Header.h";
				SWIFT_VERSION = 5.0;
				TARGETED_DEVICE_FAMILY = "1,2";
			};
			name = Release;
		};
/* End XCBuildConfiguration section */

/* Begin XCConfigurationList section */
		C7120E742951CCFE000FFCB7 /* Build configuration list for PBXProject "Calculator" */ = {
			isa = XCConfigurationList;
			buildConfigurations = (
				C7120E8B2951CCFE000FFCB7 /* Debug */,
				C7120E8C2951CCFE000FFCB7 /* Release */,
			);
			defaultConfigurationIsVisible = 0;
			defaultConfigurationName = Release;
		};
		C7120E8D2951CCFE000FFCB7 /* Build configuration list for PBXNativeTarget "Calculator" */ = {
			isa = XCConfigurationList;
			buildConfigurations = (
				C7120E8E2951CCFE000FFCB7 /* Debug */,
				C7120E8F2951CCFE000FFCB7 /* Release */,
			);
			defaultConfigurationIsVisible = 0;
			defaultConfigurationName = Release;
		};
/* End XCConfigurationList section */
	};
	rootObject = C7120E712951CCFE000FFCB7 /* Project object */;
}
